
Microsoft Visual Studio Solution File, Format Version 12.00
# Visual Studio Version 16
VisualStudioVersion = 16.0.30320.27
MinimumVisualStudioVersion = 10.0.40219.1
Project("{F184B08F-C81C-45F6-A57F-5ABD9991F28F}") = "ListarImpressorasVB", "ListarImpressorasVB\ListarImpressorasVB.vbproj", "{BBB212BF-1C66-4E59-9744-5B61454CB324}"
EndProject
Global
	GlobalSection(SolutionConfigurationPlatforms) = preSolution
		Debug|Any CPU = Debug|Any CPU
		Release|Any CPU = Release|Any CPU
	EndGlobalSection
	GlobalSection(ProjectConfigurationPlatforms) = postSolution
		{BBB212BF-1C66-4E59-9744-5B61454CB324}.Debug|Any CPU.ActiveCfg = Debug|Any CPU
		{BBB212BF-1C66-4E59-9744-5B61454CB324}.Debug|Any CPU.Build.0 = Debug|Any CPU
		{BBB212BF-1C66-4E59-9744-5B61454CB324}.Release|Any CPU.ActiveCfg = Release|Any CPU
		{BBB212BF-1C66-4E59-9744-5B61454CB324}.Release|Any CPU.Build.0 = Release|Any CPU
	EndGlobalSection
	GlobalSection(SolutionProperties) = preSolution
		HideSolutionNode = FALSE
	EndGlobalSection
	GlobalSection(ExtensibilityGlobals) = postSolution
		SolutionGuid = {FAE1E48F-A9BE-460B-AAAE-9C5AE6FD5274}
	EndGlobalSection
EndGlobal
